
Microsoft Visual Studio Solution File, Format Version 12.00
# Visual Studio 15
Project("{FAE04EC0-301F-11D3-BF4B-00C04F79EFBC}") = "RegisterManagement", "RegisterManagement.csproj", "{68EC0223-5647-492E-AFC0-299584B94304}"
EndProject
Global
	GlobalSection(SolutionConfigurationPlatforms) = preSolution
		Debug|Any CPU = Debug|Any CPU
		Release|Any CPU = Release|Any CPU
	EndGlobalSection
	GlobalSection(ProjectConfigurationPlatforms) = postSolution
		{68EC0223-5647-492E-AFC0-299584B94304}.Debug|Any CPU.ActiveCfg = Debug|Any CPU
		{68EC0223-5647-492E-AFC0-299584B94304}.Debug|Any CPU.Build.0 = Debug|Any CPU
		{68EC0223-5647-492E-AFC0-299584B94304}.Release|Any CPU.ActiveCfg = Release|Any CPU
		{68EC0223-5647-492E-AFC0-299584B94304}.Release|Any CPU.Build.0 = Release|Any CPU
	EndGlobalSection
EndGlobal
